
Microsoft Visual Studio Solution File, Format Version 12.00
# Visual Studio Version 16
VisualStudioVersion = 16.0.29519.181
MinimumVisualStudioVersion = 10.0.40219.1
Project("{FAE04EC0-301F-11D3-BF4B-00C04F79EFBC}") = "WindowsFormsApp1", "WindowsFormsApp1\WindowsFormsApp1.csproj", "{16EAD585-4030-4DCA-B85F-13DE38BEBD03}"
EndProject
Global
	GlobalSection(SolutionConfigurationPlatforms) = preSolution
		Debug|Any CPU = Debug|Any CPU
		Release|Any CPU = Release|Any CPU
	EndGlobalSection
	GlobalSection(ProjectConfigurationPlatforms) = postSolution
		{16EAD585-4030-4DCA-B85F-13DE38BEBD03}.Debug|Any CPU.ActiveCfg = Debug|Any CPU
		{16EAD585-4030-4DCA-B85F-13DE38BEBD03}.Debug|Any CPU.Build.0 = Debug|Any CPU
		{16EAD585-4030-4DCA-B85F-13DE38BEBD03}.Release|Any CPU.ActiveCfg = Release|Any CPU
		{16EAD585-4030-4DCA-B85F-13DE38BEBD03}.Release|Any CPU.Build.0 = Release|Any CPU
	EndGlobalSection
	GlobalSection(SolutionProperties) = preSolution
		HideSolutionNode = FALSE
	EndGlobalSection
	GlobalSection(ExtensibilityGlobals) = postSolution
		SolutionGuid = {C478F60F-15CF-4EC3-9A79-434F28EB6451}
	EndGlobalSection
EndGlobal
